
Microsoft Visual Studio Solution File, Format Version 12.00
# Visual Studio Version 16
VisualStudioVersion = 16.0.30621.155
MinimumVisualStudioVersion = 10.0.40219.1
Project("{9A19103F-16F7-4668-BE54-9A1E7A4F7556}") = "Polly.Caching.SqlDependency", "Caching\Polly.Caching.SqlDependency.csproj", "{D5E0CEE1-D989-47EA-B1B5-98F6B8E264B9}"
EndProject
Project("{9A19103F-16F7-4668-BE54-9A1E7A4F7556}") = "Polly.Caching.SqlDependency.Specs", "..\Polly.Specs\Polly.Caching.SqlDependency.Specs.csproj", "{EEC66680-ACFE-4D31-A368-B1A4E3BBE00B}"
EndProject
Global
	GlobalSection(SolutionConfigurationPlatforms) = preSolution
		Debug|Any CPU = Debug|Any CPU
		Release|Any CPU = Release|Any CPU
	EndGlobalSection
	GlobalSection(ProjectConfigurationPlatforms) = postSolution
		{D5E0CEE1-D989-47EA-B1B5-98F6B8E264B9}.Debug|Any CPU.ActiveCfg = Debug|Any CPU
		{D5E0CEE1-D989-47EA-B1B5-98F6B8E264B9}.Debug|Any CPU.Build.0 = Debug|Any CPU
		{D5E0CEE1-D989-47EA-B1B5-98F6B8E264B9}.Release|Any CPU.ActiveCfg = Release|Any CPU
		{D5E0CEE1-D989-47EA-B1B5-98F6B8E264B9}.Release|Any CPU.Build.0 = Release|Any CPU
		{EEC66680-ACFE-4D31-A368-B1A4E3BBE00B}.Debug|Any CPU.ActiveCfg = Debug|Any CPU
		{EEC66680-ACFE-4D31-A368-B1A4E3BBE00B}.Debug|Any CPU.Build.0 = Debug|Any CPU
		{EEC66680-ACFE-4D31-A368-B1A4E3BBE00B}.Release|Any CPU.ActiveCfg = Release|Any CPU
		{EEC66680-ACFE-4D31-A368-B1A4E3BBE00B}.Release|Any CPU.Build.0 = Release|Any CPU
	EndGlobalSection
	GlobalSection(SolutionProperties) = preSolution
		HideSolutionNode = FALSE
	EndGlobalSection
	GlobalSection(ExtensibilityGlobals) = postSolution
		SolutionGuid = {4045976E-1E06-4844-B9EC-0AB31E23C6A3}
	EndGlobalSection
EndGlobal
